
Microsoft Visual Studio Solution File, Format Version 12.00
# Visual Studio 15
Project("{FAE04EC0-301F-11D3-BF4B-00C04F79EFBC}") = "ProjetASPwithtest", "ProjetASPwithtest\ProjetASPwithtest.csproj", "{F14655BB-F361-4DE0-A8F6-D3A334DDD243}"
EndProject
Project("{FAE04EC0-301F-11D3-BF4B-00C04F79EFBC}") = "ProjetASPwithtest.Tests", "ProjetASPwithtest.Tests\ProjetASPwithtest.Tests.csproj", "{A114ED97-26B3-440F-A4E4-5899EC49F983}"
EndProject
Global
	GlobalSection(SolutionConfigurationPlatforms) = preSolution
		Debug|Any CPU = Debug|Any CPU
		Release|Any CPU = Release|Any CPU
	EndGlobalSection
	GlobalSection(ProjectConfigurationPlatforms) = postSolution
		{F14655BB-F361-4DE0-A8F6-D3A334DDD243}.Debug|Any CPU.ActiveCfg = Debug|Any CPU
		{F14655BB-F361-4DE0-A8F6-D3A334DDD243}.Debug|Any CPU.Build.0 = Debug|Any CPU
		{F14655BB-F361-4DE0-A8F6-D3A334DDD243}.Release|Any CPU.ActiveCfg = Release|Any CPU
		{F14655BB-F361-4DE0-A8F6-D3A334DDD243}.Release|Any CPU.Build.0 = Release|Any CPU
		{A114ED97-26B3-440F-A4E4-5899EC49F983}.Debug|Any CPU.ActiveCfg = Debug|Any CPU
		{A114ED97-26B3-440F-A4E4-5899EC49F983}.Debug|Any CPU.Build.0 = Debug|Any CPU
		{A114ED97-26B3-440F-A4E4-5899EC49F983}.Release|Any CPU.ActiveCfg = Release|Any CPU
		{A114ED97-26B3-440F-A4E4-5899EC49F983}.Release|Any CPU.Build.0 = Release|Any CPU
	EndGlobalSection
EndGlobal
